{
    "_readme": [
        "This file locks the dependencies of your project to a known state",
        "Read more about it at https://getcomposer.org/doc/01-basic-usage.md#installing-dependencies",
        "This file is @generated automatically"
    ],
    "content-hash": "54c868af880655d1332bb1d3534c2b0c",
    "packages": [],
    "packages-dev": [
        {
            "name": "modx/revolution",
            "version": "v2.8.1-pl",
            "source": {
                "type": "git",
                "url": "https://github.com/modxcms/revolution.git",
                "reference": "18f052dd79ae25a5303cc7a6e4cf23b31313ee68"
            },
            "dist": {
                "type": "zip",
                "url": "https://api.github.com/repos/modxcms/revolution/zipball/18f052dd79ae25a5303cc7a6e4cf23b31313ee68",
                "reference": "18f052dd79ae25a5303cc7a6e4cf23b31313ee68",
                "shasum": ""
            },
            "require": {
                "php": ">=5.3.3"
            },
            "require-dev": {
                "php-coveralls/php-coveralls": "~2.1",
                "phpunit/phpunit": "~5.7|~6.5"
            },
            "type": "project",
            "notification-url": "https://packagist.org/downloads/",
            "license": [
                "GPL-2.0+"
            ],
            "authors": [
                {
                    "name": "Jason Coward",
                    "email": "jason@opengeek.com",
                    "homepage": "http://jasoncoward.com/",
                    "role": "Developer"
                },
                {
                    "name": "Shaun McCormick",
                    "email": "splittingred@gmail.com",
                    "homepage": "http://splittingred.com/",
                    "role": "Developer"
                },
                {
                    "name": "Jan Peca",
                    "email": "pecajan@gmail.com",
                    "homepage": "http://www.bxr.cz/",
                    "role": "Developer"
                }
            ],
            "description": "MODX Revolution is a Content Management System",
            "homepage": "https://modx.com/",
            "keywords": [
                "cms",
                "content",
                "routing",
                "templating"
            ],
            "time": "2020-10-22T15:51:51+00:00"
        }
    ],
    "aliases": [],
    "minimum-stability": "dev",
    "stability-flags": [],
    "prefer-stable": true,
    "prefer-lowest": false,
    "platform": [],
    "platform-dev": [],
    "plugin-api-version": "1.1.0"
}
